
Microsoft Visual Studio Solution File, Format Version 12.00
# Visual Studio Version 17
VisualStudioVersion = 17.14.36518.9
MinimumVisualStudioVersion = 10.0.40219.1
Project("{FAE04EC0-301F-11D3-BF4B-00C04F79EFBC}") = "ParkingApp.Api", "ParkingApp.Api\ParkingApp.Api.csproj", "{68C97BEC-5EFB-4958-9EB7-B673D0F53D13}"
EndProject
Project("{FAE04EC0-301F-11D3-BF4B-00C04F79EFBC}") = "ParkingApp.Contracts", "ParkingApp.Contracts\ParkingApp.Contracts.csproj", "{21783D0A-B863-4688-9AA7-BB391CB82599}"
EndProject
Project("{FAE04EC0-301F-11D3-BF4B-00C04F79EFBC}") = "ParkingApp.Data", "ParkingApp.Data\ParkingApp.Data.csproj", "{BC9E5D08-B229-406C-83FE-66DB5A95D251}"
EndProject
Project("{FAE04EC0-301F-11D3-BF4B-00C04F79EFBC}") = "ParkingApp.Api.Tests", "ParkingApp.Api.Tests\ParkingApp.Api.Tests.csproj", "{201B549F-ED6C-4216-A33D-9F5EB2EE01B3}"
EndProject
Project("{2150E333-8FDC-42A3-9474-1A3956D46DE8}") = "Solution Items", "Solution Items", "{8EC462FD-D22E-90A8-E5CE-7E832BA40C5D}"
	ProjectSection(SolutionItems) = preProject
		Readme.md = Readme.md
	EndProjectSection
EndProject
Global
	GlobalSection(SolutionConfigurationPlatforms) = preSolution
		Debug|Any CPU = Debug|Any CPU
		Release|Any CPU = Release|Any CPU
	EndGlobalSection
	GlobalSection(ProjectConfigurationPlatforms) = postSolution
		{68C97BEC-5EFB-4958-9EB7-B673D0F53D13}.Debug|Any CPU.ActiveCfg = Debug|Any CPU
		{68C97BEC-5EFB-4958-9EB7-B673D0F53D13}.Debug|Any CPU.Build.0 = Debug|Any CPU
		{68C97BEC-5EFB-4958-9EB7-B673D0F53D13}.Release|Any CPU.ActiveCfg = Release|Any CPU
		{68C97BEC-5EFB-4958-9EB7-B673D0F53D13}.Release|Any CPU.Build.0 = Release|Any CPU
		{21783D0A-B863-4688-9AA7-BB391CB82599}.Debug|Any CPU.ActiveCfg = Debug|Any CPU
		{21783D0A-B863-4688-9AA7-BB391CB82599}.Debug|Any CPU.Build.0 = Debug|Any CPU
		{21783D0A-B863-4688-9AA7-BB391CB82599}.Release|Any CPU.ActiveCfg = Release|Any CPU
		{21783D0A-B863-4688-9AA7-BB391CB82599}.Release|Any CPU.Build.0 = Release|Any CPU
		{BC9E5D08-B229-406C-83FE-66DB5A95D251}.Debug|Any CPU.ActiveCfg = Debug|Any CPU
		{BC9E5D08-B229-406C-83FE-66DB5A95D251}.Debug|Any CPU.Build.0 = Debug|Any CPU
		{BC9E5D08-B229-406C-83FE-66DB5A95D251}.Release|Any CPU.ActiveCfg = Release|Any CPU
		{BC9E5D08-B229-406C-83FE-66DB5A95D251}.Release|Any CPU.Build.0 = Release|Any CPU
		{201B549F-ED6C-4216-A33D-9F5EB2EE01B3}.Debug|Any CPU.ActiveCfg = Debug|Any CPU
		{201B549F-ED6C-4216-A33D-9F5EB2EE01B3}.Debug|Any CPU.Build.0 = Debug|Any CPU
		{201B549F-ED6C-4216-A33D-9F5EB2EE01B3}.Release|Any CPU.ActiveCfg = Release|Any CPU
		{201B549F-ED6C-4216-A33D-9F5EB2EE01B3}.Release|Any CPU.Build.0 = Release|Any CPU
	EndGlobalSection
	GlobalSection(SolutionProperties) = preSolution
		HideSolutionNode = FALSE
	EndGlobalSection
	GlobalSection(ExtensibilityGlobals) = postSolution
		SolutionGuid = {93D5C640-517B-42E3-8A56-285159F7D430}
	EndGlobalSection
EndGlobal
